
Microsoft Visual Studio Solution File, Format Version 12.00
# Visual Studio Version 17
VisualStudioVersion = 17.3.32922.545
MinimumVisualStudioVersion = 10.0.40219.1
Project("{FAE04EC0-301F-11D3-BF4B-00C04F79EFBC}") = "Createtest.Models", "Createtest.Models\Createtest.Models.csproj", "{4A48D7F6-D659-457C-BD24-73F426C9A640}"
EndProject
Global
	GlobalSection(SolutionConfigurationPlatforms) = preSolution
		Debug|Any CPU = Debug|Any CPU
		Release|Any CPU = Release|Any CPU
	EndGlobalSection
	GlobalSection(ProjectConfigurationPlatforms) = postSolution
		{4A48D7F6-D659-457C-BD24-73F426C9A640}.Debug|Any CPU.ActiveCfg = Debug|Any CPU
		{4A48D7F6-D659-457C-BD24-73F426C9A640}.Debug|Any CPU.Build.0 = Debug|Any CPU
		{4A48D7F6-D659-457C-BD24-73F426C9A640}.Release|Any CPU.ActiveCfg = Release|Any CPU
		{4A48D7F6-D659-457C-BD24-73F426C9A640}.Release|Any CPU.Build.0 = Release|Any CPU
	EndGlobalSection
	GlobalSection(SolutionProperties) = preSolution
		HideSolutionNode = FALSE
	EndGlobalSection
	GlobalSection(ExtensibilityGlobals) = postSolution
		SolutionGuid = {E2C42506-FF4A-4C47-9BAF-4EE790CFAD2D}
	EndGlobalSection
EndGlobal
